
Microsoft Visual Studio Solution File, Format Version 12.00
# Visual Studio 2013
VisualStudioVersion = 12.0.40629.0
MinimumVisualStudioVersion = 10.0.40219.1
Project("{FAE04EC0-301F-11D3-BF4B-00C04F79EFBC}") = "IntegrationFlow.Core", "src\IntegrationFlow.Core\IntegrationFlow.Core.csproj", "{DAE673ED-EF06-4224-AA1B-71B0F67AC4B1}"
EndProject
Project("{2150E333-8FDC-42A3-9474-1A3956D46DE8}") = "Solution Items", "Solution Items", "{A1B2C3D4-E5F6-7890-ABCD-EF1234567890}"
	ProjectSection(SolutionItems) = preProject
		LICENSE = LICENSE
		README.md = README.md
	EndProjectSection
EndProject
Project("{2150E333-8FDC-42A3-9474-1A3956D46DE8}") = "docs", "docs", "{D0C5F001-8A2B-4C3D-9E4F-567890ABCDEF}"
	ProjectSection(SolutionItems) = preProject
		docs\README.md = docs\README.md
		docs\2026-06-20_2150-brokers-for-integration-framework.md = docs\2026-06-20_2150-brokers-for-integration-framework.md
		docs\plans\2026-06-19_2247-localization-sr-replacement.md = docs\plans\2026-06-19_2247-localization-sr-replacement.md
		docs\plans\2026-06-20_2224-multiple-rabbitmq-configs.md = docs\plans\2026-06-20_2224-multiple-rabbitmq-configs.md
		docs\examples\2026-06-19_2247-ElmaLocalizationProvider.cs.example = docs\examples\2026-06-19_2247-ElmaLocalizationProvider.cs.example
		docs\examples\2026-06-20_1453-ResourceLocalizationProvider.cs.example = docs\examples\2026-06-20_1453-ResourceLocalizationProvider.cs.example
		docs\plans\2026-07-03_1213-delivery-guarantee.md = docs\plans\2026-07-03_1213-delivery-guarantee.md
		docs\plans\2026-07-03_1321-delivery-guarantee-risk-analysis.md = docs\plans\2026-07-03_1321-delivery-guarantee-risk-analysis.md
		docs\plans\2026-07-03_1523-delivery-guarantee-hardening.md = docs\plans\2026-07-03_1523-delivery-guarantee-hardening.md
		docs\2026-07-03_1511-delivery-guarantee-solution-analysis.md = docs\2026-07-03_1511-delivery-guarantee-solution-analysis.md
		docs\plans\2026-06-21_0952-rabbitmq-sentandforgot.md = docs\plans\2026-06-21_0952-rabbitmq-sentandforgot.md
		docs\plans\2026-07-03_1639-production-readiness.md = docs\plans\2026-07-03_1639-production-readiness.md
		docs\examples\2026-07-03_1639-ef-outbox-transaction.md = docs\examples\2026-07-03_1639-ef-outbox-transaction.md
		docs\2026-07-03_1706-delivery-guarantee-full-analysis.md = docs\2026-07-03_1706-delivery-guarantee-full-analysis.md
		docs\2026-07-03_2010-delivery-guarantee-full-analysis.md = docs\2026-07-03_2010-delivery-guarantee-full-analysis.md
		docs\2026-07-03_2100-integrationflow-full-analysis.md = docs\2026-07-03_2100-integrationflow-full-analysis.md
		docs\plans\2026-07-03_1707-e2e-tests-and-remaining-gaps.md = docs\plans\2026-07-03_1707-e2e-tests-and-remaining-gaps.md
		docs\plans\2026-07-03_2046-listener-hosted-service.md = docs\plans\2026-07-03_2046-listener-hosted-service.md
	EndProjectSection
EndProject
Project("{2150E333-8FDC-42A3-9474-1A3956D46DE8}") = "tests", "tests", "{0AB3BF05-4346-4AA6-1389-037BE0695223}"
EndProject
Project("{FAE04EC0-301F-11D3-BF4B-00C04F79EFBC}") = "IntegrationFlow.Core.Tests", "tests\IntegrationFlow.Core.Tests\IntegrationFlow.Core.Tests.csproj", "{9C170348-F95D-4A8E-9073-71B0E6DECAC3}"
EndProject
Project("{2150E333-8FDC-42A3-9474-1A3956D46DE8}") = "src", "src", "{827E0CD3-B72D-47B6-A68D-7590B98EB39B}"
EndProject
Project("{FAE04EC0-301F-11D3-BF4B-00C04F79EFBC}") = "IntegrationFlow.EntityFrameworkCore", "src\IntegrationFlow.EntityFrameworkCore\IntegrationFlow.EntityFrameworkCore.csproj", "{04BB7590-362A-495C-9B8B-8A8994DC3B98}"
EndProject
Project("{FAE04EC0-301F-11D3-BF4B-00C04F79EFBC}") = "IntegrationFlow.EntityFrameworkCore.Tests", "tests\IntegrationFlow.EntityFrameworkCore.Tests\IntegrationFlow.EntityFrameworkCore.Tests.csproj", "{E37BF3F8-0ED0-49AB-A3E8-6DE2CBAEF87C}"
EndProject
Project("{FAE04EC0-301F-11D3-BF4B-00C04F79EFBC}") = "IntegrationFlow.Core.IntegrationTests", "tests\IntegrationFlow.Core.IntegrationTests\IntegrationFlow.Core.IntegrationTests.csproj", "{AE6AB7BA-48F8-497F-8018-E3A7864E1817}"
EndProject
Project("{FAE04EC0-301F-11D3-BF4B-00C04F79EFBC}") = "IntegrationFlow.Testing", "tests\IntegrationFlow.Testing\IntegrationFlow.Testing.csproj", "{C09085FF-E056-43D8-8567-05AAAE77D278}"
EndProject
Project("{FAE04EC0-301F-11D3-BF4B-00C04F79EFBC}") = "IntegrationFlow.EntityFrameworkCore.IntegrationTests", "tests\IntegrationFlow.EntityFrameworkCore.IntegrationTests\IntegrationFlow.EntityFrameworkCore.IntegrationTests.csproj", "{70395F07-2060-4821-9B59-E2DFB8492E05}"
EndProject
Global
	GlobalSection(SolutionConfigurationPlatforms) = preSolution
		Debug|Any CPU = Debug|Any CPU
		Debug|x64 = Debug|x64
		Debug|x86 = Debug|x86
		Release|Any CPU = Release|Any CPU
		Release|x64 = Release|x64
		Release|x86 = Release|x86
	EndGlobalSection
	GlobalSection(ProjectConfigurationPlatforms) = postSolution
		{DAE673ED-EF06-4224-AA1B-71B0F67AC4B1}.Debug|Any CPU.ActiveCfg = Debug|Any CPU
		{DAE673ED-EF06-4224-AA1B-71B0F67AC4B1}.Debug|Any CPU.Build.0 = Debug|Any CPU
		{DAE673ED-EF06-4224-AA1B-71B0F67AC4B1}.Debug|x64.ActiveCfg = Debug|Any CPU
		{DAE673ED-EF06-4224-AA1B-71B0F67AC4B1}.Debug|x64.Build.0 = Debug|Any CPU
		{DAE673ED-EF06-4224-AA1B-71B0F67AC4B1}.Debug|x86.ActiveCfg = Debug|Any CPU
		{DAE673ED-EF06-4224-AA1B-71B0F67AC4B1}.Debug|x86.Build.0 = Debug|Any CPU
		{DAE673ED-EF06-4224-AA1B-71B0F67AC4B1}.Release|Any CPU.ActiveCfg = Release|Any CPU
		{DAE673ED-EF06-4224-AA1B-71B0F67AC4B1}.Release|Any CPU.Build.0 = Release|Any CPU
		{DAE673ED-EF06-4224-AA1B-71B0F67AC4B1}.Release|x64.ActiveCfg = Release|Any CPU
		{DAE673ED-EF06-4224-AA1B-71B0F67AC4B1}.Release|x64.Build.0 = Release|Any CPU
		{DAE673ED-EF06-4224-AA1B-71B0F67AC4B1}.Release|x86.ActiveCfg = Release|Any CPU
		{DAE673ED-EF06-4224-AA1B-71B0F67AC4B1}.Release|x86.Build.0 = Release|Any CPU
		{9C170348-F95D-4A8E-9073-71B0E6DECAC3}.Debug|Any CPU.ActiveCfg = Debug|Any CPU
		{9C170348-F95D-4A8E-9073-71B0E6DECAC3}.Debug|Any CPU.Build.0 = Debug|Any CPU
		{9C170348-F95D-4A8E-9073-71B0E6DECAC3}.Debug|x64.ActiveCfg = Debug|Any CPU
		{9C170348-F95D-4A8E-9073-71B0E6DECAC3}.Debug|x64.Build.0 = Debug|Any CPU
		{9C170348-F95D-4A8E-9073-71B0E6DECAC3}.Debug|x86.ActiveCfg = Debug|Any CPU
		{9C170348-F95D-4A8E-9073-71B0E6DECAC3}.Debug|x86.Build.0 = Debug|Any CPU
		{9C170348-F95D-4A8E-9073-71B0E6DECAC3}.Release|Any CPU.ActiveCfg = Release|Any CPU
		{9C170348-F95D-4A8E-9073-71B0E6DECAC3}.Release|Any CPU.Build.0 = Release|Any CPU
		{9C170348-F95D-4A8E-9073-71B0E6DECAC3}.Release|x64.ActiveCfg = Release|Any CPU
		{9C170348-F95D-4A8E-9073-71B0E6DECAC3}.Release|x64.Build.0 = Release|Any CPU
		{9C170348-F95D-4A8E-9073-71B0E6DECAC3}.Release|x86.ActiveCfg = Release|Any CPU
		{9C170348-F95D-4A8E-9073-71B0E6DECAC3}.Release|x86.Build.0 = Release|Any CPU
		{04BB7590-362A-495C-9B8B-8A8994DC3B98}.Debug|Any CPU.ActiveCfg = Debug|Any CPU
		{04BB7590-362A-495C-9B8B-8A8994DC3B98}.Debug|Any CPU.Build.0 = Debug|Any CPU
		{04BB7590-362A-495C-9B8B-8A8994DC3B98}.Debug|x64.ActiveCfg = Debug|Any CPU
		{04BB7590-362A-495C-9B8B-8A8994DC3B98}.Debug|x64.Build.0 = Debug|Any CPU
		{04BB7590-362A-495C-9B8B-8A8994DC3B98}.Debug|x86.ActiveCfg = Debug|Any CPU
		{04BB7590-362A-495C-9B8B-8A8994DC3B98}.Debug|x86.Build.0 = Debug|Any CPU
		{04BB7590-362A-495C-9B8B-8A8994DC3B98}.Release|Any CPU.ActiveCfg = Release|Any CPU
		{04BB7590-362A-495C-9B8B-8A8994DC3B98}.Release|Any CPU.Build.0 = Release|Any CPU
		{04BB7590-362A-495C-9B8B-8A8994DC3B98}.Release|x64.ActiveCfg = Release|Any CPU
		{04BB7590-362A-495C-9B8B-8A8994DC3B98}.Release|x64.Build.0 = Release|Any CPU
		{04BB7590-362A-495C-9B8B-8A8994DC3B98}.Release|x86.ActiveCfg = Release|Any CPU
		{04BB7590-362A-495C-9B8B-8A8994DC3B98}.Release|x86.Build.0 = Release|Any CPU
		{E37BF3F8-0ED0-49AB-A3E8-6DE2CBAEF87C}.Debug|Any CPU.ActiveCfg = Debug|Any CPU
		{E37BF3F8-0ED0-49AB-A3E8-6DE2CBAEF87C}.Debug|Any CPU.Build.0 = Debug|Any CPU
		{E37BF3F8-0ED0-49AB-A3E8-6DE2CBAEF87C}.Debug|x64.ActiveCfg = Debug|Any CPU
		{E37BF3F8-0ED0-49AB-A3E8-6DE2CBAEF87C}.Debug|x64.Build.0 = Debug|Any CPU
		{E37BF3F8-0ED0-49AB-A3E8-6DE2CBAEF87C}.Debug|x86.ActiveCfg = Debug|Any CPU
		{E37BF3F8-0ED0-49AB-A3E8-6DE2CBAEF87C}.Debug|x86.Build.0 = Debug|Any CPU
		{E37BF3F8-0ED0-49AB-A3E8-6DE2CBAEF87C}.Release|Any CPU.ActiveCfg = Release|Any CPU
		{E37BF3F8-0ED0-49AB-A3E8-6DE2CBAEF87C}.Release|Any CPU.Build.0 = Release|Any CPU
		{E37BF3F8-0ED0-49AB-A3E8-6DE2CBAEF87C}.Release|x64.ActiveCfg = Release|Any CPU
		{E37BF3F8-0ED0-49AB-A3E8-6DE2CBAEF87C}.Release|x64.Build.0 = Release|Any CPU
		{E37BF3F8-0ED0-49AB-A3E8-6DE2CBAEF87C}.Release|x86.ActiveCfg = Release|Any CPU
		{E37BF3F8-0ED0-49AB-A3E8-6DE2CBAEF87C}.Release|x86.Build.0 = Release|Any CPU
		{AE6AB7BA-48F8-497F-8018-E3A7864E1817}.Debug|Any CPU.ActiveCfg = Debug|Any CPU
		{AE6AB7BA-48F8-497F-8018-E3A7864E1817}.Debug|Any CPU.Build.0 = Debug|Any CPU
		{AE6AB7BA-48F8-497F-8018-E3A7864E1817}.Debug|x64.ActiveCfg = Debug|Any CPU
		{AE6AB7BA-48F8-497F-8018-E3A7864E1817}.Debug|x64.Build.0 = Debug|Any CPU
		{AE6AB7BA-48F8-497F-8018-E3A7864E1817}.Debug|x86.ActiveCfg = Debug|Any CPU
		{AE6AB7BA-48F8-497F-8018-E3A7864E1817}.Debug|x86.Build.0 = Debug|Any CPU
		{AE6AB7BA-48F8-497F-8018-E3A7864E1817}.Release|Any CPU.ActiveCfg = Release|Any CPU
		{AE6AB7BA-48F8-497F-8018-E3A7864E1817}.Release|Any CPU.Build.0 = Release|Any CPU
		{AE6AB7BA-48F8-497F-8018-E3A7864E1817}.Release|x64.ActiveCfg = Release|Any CPU
		{AE6AB7BA-48F8-497F-8018-E3A7864E1817}.Release|x64.Build.0 = Release|Any CPU
		{AE6AB7BA-48F8-497F-8018-E3A7864E1817}.Release|x86.ActiveCfg = Release|Any CPU
		{AE6AB7BA-48F8-497F-8018-E3A7864E1817}.Release|x86.Build.0 = Release|Any CPU
		{C09085FF-E056-43D8-8567-05AAAE77D278}.Debug|Any CPU.ActiveCfg = Debug|Any CPU
		{C09085FF-E056-43D8-8567-05AAAE77D278}.Debug|Any CPU.Build.0 = Debug|Any CPU
		{C09085FF-E056-43D8-8567-05AAAE77D278}.Debug|x64.ActiveCfg = Debug|Any CPU
		{C09085FF-E056-43D8-8567-05AAAE77D278}.Debug|x64.Build.0 = Debug|Any CPU
		{C09085FF-E056-43D8-8567-05AAAE77D278}.Debug|x86.ActiveCfg = Debug|Any CPU
		{C09085FF-E056-43D8-8567-05AAAE77D278}.Debug|x86.Build.0 = Debug|Any CPU
		{C09085FF-E056-43D8-8567-05AAAE77D278}.Release|Any CPU.ActiveCfg = Release|Any CPU
		{C09085FF-E056-43D8-8567-05AAAE77D278}.Release|Any CPU.Build.0 = Release|Any CPU
		{C09085FF-E056-43D8-8567-05AAAE77D278}.Release|x64.ActiveCfg = Release|Any CPU
		{C09085FF-E056-43D8-8567-05AAAE77D278}.Release|x64.Build.0 = Release|Any CPU
		{C09085FF-E056-43D8-8567-05AAAE77D278}.Release|x86.ActiveCfg = Release|Any CPU
		{C09085FF-E056-43D8-8567-05AAAE77D278}.Release|x86.Build.0 = Release|Any CPU
		{70395F07-2060-4821-9B59-E2DFB8492E05}.Debug|Any CPU.ActiveCfg = Debug|Any CPU
		{70395F07-2060-4821-9B59-E2DFB8492E05}.Debug|Any CPU.Build.0 = Debug|Any CPU
		{70395F07-2060-4821-9B59-E2DFB8492E05}.Debug|x64.ActiveCfg = Debug|Any CPU
		{70395F07-2060-4821-9B59-E2DFB8492E05}.Debug|x64.Build.0 = Debug|Any CPU
		{70395F07-2060-4821-9B59-E2DFB8492E05}.Debug|x86.ActiveCfg = Debug|Any CPU
		{70395F07-2060-4821-9B59-E2DFB8492E05}.Debug|x86.Build.0 = Debug|Any CPU
		{70395F07-2060-4821-9B59-E2DFB8492E05}.Release|Any CPU.ActiveCfg = Release|Any CPU
		{70395F07-2060-4821-9B59-E2DFB8492E05}.Release|Any CPU.Build.0 = Release|Any CPU
		{70395F07-2060-4821-9B59-E2DFB8492E05}.Release|x64.ActiveCfg = Release|Any CPU
		{70395F07-2060-4821-9B59-E2DFB8492E05}.Release|x64.Build.0 = Release|Any CPU
		{70395F07-2060-4821-9B59-E2DFB8492E05}.Release|x86.ActiveCfg = Release|Any CPU
		{70395F07-2060-4821-9B59-E2DFB8492E05}.Release|x86.Build.0 = Release|Any CPU
	EndGlobalSection
	GlobalSection(SolutionProperties) = preSolution
		HideSolutionNode = FALSE
	EndGlobalSection
	GlobalSection(NestedProjects) = preSolution
		{9C170348-F95D-4A8E-9073-71B0E6DECAC3} = {0AB3BF05-4346-4AA6-1389-037BE0695223}
		{04BB7590-362A-495C-9B8B-8A8994DC3B98} = {827E0CD3-B72D-47B6-A68D-7590B98EB39B}
		{E37BF3F8-0ED0-49AB-A3E8-6DE2CBAEF87C} = {0AB3BF05-4346-4AA6-1389-037BE0695223}
		{AE6AB7BA-48F8-497F-8018-E3A7864E1817} = {0AB3BF05-4346-4AA6-1389-037BE0695223}
		{C09085FF-E056-43D8-8567-05AAAE77D278} = {0AB3BF05-4346-4AA6-1389-037BE0695223}
		{70395F07-2060-4821-9B59-E2DFB8492E05} = {0AB3BF05-4346-4AA6-1389-037BE0695223}
	EndGlobalSection
EndGlobal
