
Microsoft Visual Studio Solution File, Format Version 12.00
# Visual Studio Version 17
VisualStudioVersion = 17.0.31903.59
MinimumVisualStudioVersion = 10.0.40219.1
Project("{FAE04EC0-301F-11D3-BF4B-00C04F79EFBC}") = "RmqSAF-RmqRAP-Rest.AppHost", "RmqSAF-RmqRAP-Rest.AppHost\RmqSAF-RmqRAP-Rest.AppHost.csproj", "{384E4860-39A1-4EAA-9D25-EE9E9D317445}"
EndProject
Project("{FAE04EC0-301F-11D3-BF4B-00C04F79EFBC}") = "Sender.Api", "Sender.Api\Sender.Api.csproj", "{4378B6EC-978D-4ED9-8F34-D51F625EBD18}"
EndProject
Project("{FAE04EC0-301F-11D3-BF4B-00C04F79EFBC}") = "RmqSAF-RmqRAP-Rest.ServiceDefaults", "RmqSAF-RmqRAP-Rest.ServiceDefaults\RmqSAF-RmqRAP-Rest.ServiceDefaults.csproj", "{A38A9FDD-1E6A-4AE6-B3C6-D53A4DE344F7}"
EndProject
Project("{FAE04EC0-301F-11D3-BF4B-00C04F79EFBC}") = "RmqSAF-RmqRAP-Rest.Contracts", "RmqSAF-RmqRAP-Rest.Contracts\RmqSAF-RmqRAP-Rest.Contracts.csproj", "{67FE2088-770D-482B-8A73-0C62747740DF}"
EndProject
Project("{FAE04EC0-301F-11D3-BF4B-00C04F79EFBC}") = "IntegrationFlow.Core", "..\..\..\src\IntegrationFlow.Core\IntegrationFlow.Core.csproj", "{4D61CFC4-088F-4AF6-BAF8-56C9BA5A77EF}"
EndProject
Project("{FAE04EC0-301F-11D3-BF4B-00C04F79EFBC}") = "IntegrationFlow.Metrics.OpenTelemetry", "..\..\..\src\IntegrationFlow.Metrics.OpenTelemetry\IntegrationFlow.Metrics.OpenTelemetry.csproj", "{BC8EE4E4-422E-4045-AA5F-F1E0C6DE5187}"
EndProject
Project("{FAE04EC0-301F-11D3-BF4B-00C04F79EFBC}") = "Bridge.Worker", "Bridge.Worker\Bridge.Worker.csproj", "{96C7FEA9-F81A-4828-AD44-B096D4EBE6AB}"
EndProject
Project("{FAE04EC0-301F-11D3-BF4B-00C04F79EFBC}") = "Storage.Api", "Storage.Api\Storage.Api.csproj", "{B624AFA3-F5D0-4DF7-841E-5565943E3EBE}"
EndProject
Project("{2150E333-8FDC-42A3-9474-1A3956D46DE8}") = "Solution Items", "Solution Items", "{E4F5A6B7-C8D9-0123-EF01-234567890124}"
	ProjectSection(SolutionItems) = preProject
		README.md = README.md
		docker-compose.yml = docker-compose.yml
		Dockerfile = Dockerfile
		docs\implementation-plan.md = docs\implementation-plan.md
		docs\rest-aspire-configuration.md = docs\rest-aspire-configuration.md
		RmqSAF-RmqRAP-Rest.ServiceDefaults\RabbitMqAspireConfiguration.cs = RmqSAF-RmqRAP-Rest.ServiceDefaults\RabbitMqAspireConfiguration.cs
		RmqSAF-RmqRAP-Rest.ServiceDefaults\RestAspireConfiguration.cs = RmqSAF-RmqRAP-Rest.ServiceDefaults\RestAspireConfiguration.cs
	EndProjectSection
EndProject
Global
	GlobalSection(SolutionConfigurationPlatforms) = preSolution
		Debug|Any CPU = Debug|Any CPU
		Debug|x64 = Debug|x64
		Debug|x86 = Debug|x86
		Release|Any CPU = Release|Any CPU
		Release|x64 = Release|x64
		Release|x86 = Release|x86
	EndGlobalSection
	GlobalSection(ProjectConfigurationPlatforms) = postSolution
		{384E4860-39A1-4EAA-9D25-EE9E9D317445}.Debug|Any CPU.ActiveCfg = Debug|Any CPU
		{384E4860-39A1-4EAA-9D25-EE9E9D317445}.Debug|Any CPU.Build.0 = Debug|Any CPU
		{384E4860-39A1-4EAA-9D25-EE9E9D317445}.Debug|x64.ActiveCfg = Debug|Any CPU
		{384E4860-39A1-4EAA-9D25-EE9E9D317445}.Debug|x64.Build.0 = Debug|Any CPU
		{384E4860-39A1-4EAA-9D25-EE9E9D317445}.Debug|x86.ActiveCfg = Debug|Any CPU
		{384E4860-39A1-4EAA-9D25-EE9E9D317445}.Debug|x86.Build.0 = Debug|Any CPU
		{384E4860-39A1-4EAA-9D25-EE9E9D317445}.Release|Any CPU.ActiveCfg = Release|Any CPU
		{384E4860-39A1-4EAA-9D25-EE9E9D317445}.Release|Any CPU.Build.0 = Release|Any CPU
		{384E4860-39A1-4EAA-9D25-EE9E9D317445}.Release|x64.ActiveCfg = Release|Any CPU
		{384E4860-39A1-4EAA-9D25-EE9E9D317445}.Release|x64.Build.0 = Release|Any CPU
		{384E4860-39A1-4EAA-9D25-EE9E9D317445}.Release|x86.ActiveCfg = Release|Any CPU
		{384E4860-39A1-4EAA-9D25-EE9E9D317445}.Release|x86.Build.0 = Release|Any CPU
		{4378B6EC-978D-4ED9-8F34-D51F625EBD18}.Debug|Any CPU.ActiveCfg = Debug|Any CPU
		{4378B6EC-978D-4ED9-8F34-D51F625EBD18}.Debug|Any CPU.Build.0 = Debug|Any CPU
		{4378B6EC-978D-4ED9-8F34-D51F625EBD18}.Debug|x64.ActiveCfg = Debug|Any CPU
		{4378B6EC-978D-4ED9-8F34-D51F625EBD18}.Debug|x64.Build.0 = Debug|Any CPU
		{4378B6EC-978D-4ED9-8F34-D51F625EBD18}.Debug|x86.ActiveCfg = Debug|Any CPU
		{4378B6EC-978D-4ED9-8F34-D51F625EBD18}.Debug|x86.Build.0 = Debug|Any CPU
		{4378B6EC-978D-4ED9-8F34-D51F625EBD18}.Release|Any CPU.ActiveCfg = Release|Any CPU
		{4378B6EC-978D-4ED9-8F34-D51F625EBD18}.Release|Any CPU.Build.0 = Release|Any CPU
		{4378B6EC-978D-4ED9-8F34-D51F625EBD18}.Release|x64.ActiveCfg = Release|Any CPU
		{4378B6EC-978D-4ED9-8F34-D51F625EBD18}.Release|x64.Build.0 = Release|Any CPU
		{4378B6EC-978D-4ED9-8F34-D51F625EBD18}.Release|x86.ActiveCfg = Release|Any CPU
		{4378B6EC-978D-4ED9-8F34-D51F625EBD18}.Release|x86.Build.0 = Release|Any CPU
		{A38A9FDD-1E6A-4AE6-B3C6-D53A4DE344F7}.Debug|Any CPU.ActiveCfg = Debug|Any CPU
		{A38A9FDD-1E6A-4AE6-B3C6-D53A4DE344F7}.Debug|Any CPU.Build.0 = Debug|Any CPU
		{A38A9FDD-1E6A-4AE6-B3C6-D53A4DE344F7}.Debug|x64.ActiveCfg = Debug|Any CPU
		{A38A9FDD-1E6A-4AE6-B3C6-D53A4DE344F7}.Debug|x64.Build.0 = Debug|Any CPU
		{A38A9FDD-1E6A-4AE6-B3C6-D53A4DE344F7}.Debug|x86.ActiveCfg = Debug|Any CPU
		{A38A9FDD-1E6A-4AE6-B3C6-D53A4DE344F7}.Debug|x86.Build.0 = Debug|Any CPU
		{A38A9FDD-1E6A-4AE6-B3C6-D53A4DE344F7}.Release|Any CPU.ActiveCfg = Release|Any CPU
		{A38A9FDD-1E6A-4AE6-B3C6-D53A4DE344F7}.Release|Any CPU.Build.0 = Release|Any CPU
		{A38A9FDD-1E6A-4AE6-B3C6-D53A4DE344F7}.Release|x64.ActiveCfg = Release|Any CPU
		{A38A9FDD-1E6A-4AE6-B3C6-D53A4DE344F7}.Release|x64.Build.0 = Release|Any CPU
		{A38A9FDD-1E6A-4AE6-B3C6-D53A4DE344F7}.Release|x86.ActiveCfg = Release|Any CPU
		{A38A9FDD-1E6A-4AE6-B3C6-D53A4DE344F7}.Release|x86.Build.0 = Release|Any CPU
		{67FE2088-770D-482B-8A73-0C62747740DF}.Debug|Any CPU.ActiveCfg = Debug|Any CPU
		{67FE2088-770D-482B-8A73-0C62747740DF}.Debug|Any CPU.Build.0 = Debug|Any CPU
		{67FE2088-770D-482B-8A73-0C62747740DF}.Debug|x64.ActiveCfg = Debug|Any CPU
		{67FE2088-770D-482B-8A73-0C62747740DF}.Debug|x64.Build.0 = Debug|Any CPU
		{67FE2088-770D-482B-8A73-0C62747740DF}.Debug|x86.ActiveCfg = Debug|Any CPU
		{67FE2088-770D-482B-8A73-0C62747740DF}.Debug|x86.Build.0 = Debug|Any CPU
		{67FE2088-770D-482B-8A73-0C62747740DF}.Release|Any CPU.ActiveCfg = Release|Any CPU
		{67FE2088-770D-482B-8A73-0C62747740DF}.Release|Any CPU.Build.0 = Release|Any CPU
		{67FE2088-770D-482B-8A73-0C62747740DF}.Release|x64.ActiveCfg = Release|Any CPU
		{67FE2088-770D-482B-8A73-0C62747740DF}.Release|x64.Build.0 = Release|Any CPU
		{67FE2088-770D-482B-8A73-0C62747740DF}.Release|x86.ActiveCfg = Release|Any CPU
		{67FE2088-770D-482B-8A73-0C62747740DF}.Release|x86.Build.0 = Release|Any CPU
		{4D61CFC4-088F-4AF6-BAF8-56C9BA5A77EF}.Debug|Any CPU.ActiveCfg = Debug|Any CPU
		{4D61CFC4-088F-4AF6-BAF8-56C9BA5A77EF}.Debug|Any CPU.Build.0 = Debug|Any CPU
		{4D61CFC4-088F-4AF6-BAF8-56C9BA5A77EF}.Debug|x64.ActiveCfg = Debug|Any CPU
		{4D61CFC4-088F-4AF6-BAF8-56C9BA5A77EF}.Debug|x64.Build.0 = Debug|Any CPU
		{4D61CFC4-088F-4AF6-BAF8-56C9BA5A77EF}.Debug|x86.ActiveCfg = Debug|Any CPU
		{4D61CFC4-088F-4AF6-BAF8-56C9BA5A77EF}.Debug|x86.Build.0 = Debug|Any CPU
		{4D61CFC4-088F-4AF6-BAF8-56C9BA5A77EF}.Release|Any CPU.ActiveCfg = Release|Any CPU
		{4D61CFC4-088F-4AF6-BAF8-56C9BA5A77EF}.Release|Any CPU.Build.0 = Release|Any CPU
		{4D61CFC4-088F-4AF6-BAF8-56C9BA5A77EF}.Release|x64.ActiveCfg = Release|Any CPU
		{4D61CFC4-088F-4AF6-BAF8-56C9BA5A77EF}.Release|x64.Build.0 = Release|Any CPU
		{4D61CFC4-088F-4AF6-BAF8-56C9BA5A77EF}.Release|x86.ActiveCfg = Release|Any CPU
		{4D61CFC4-088F-4AF6-BAF8-56C9BA5A77EF}.Release|x86.Build.0 = Release|Any CPU
		{BC8EE4E4-422E-4045-AA5F-F1E0C6DE5187}.Debug|Any CPU.ActiveCfg = Debug|Any CPU
		{BC8EE4E4-422E-4045-AA5F-F1E0C6DE5187}.Debug|Any CPU.Build.0 = Debug|Any CPU
		{BC8EE4E4-422E-4045-AA5F-F1E0C6DE5187}.Debug|x64.ActiveCfg = Debug|Any CPU
		{BC8EE4E4-422E-4045-AA5F-F1E0C6DE5187}.Debug|x64.Build.0 = Debug|Any CPU
		{BC8EE4E4-422E-4045-AA5F-F1E0C6DE5187}.Debug|x86.ActiveCfg = Debug|Any CPU
		{BC8EE4E4-422E-4045-AA5F-F1E0C6DE5187}.Debug|x86.Build.0 = Debug|Any CPU
		{BC8EE4E4-422E-4045-AA5F-F1E0C6DE5187}.Release|Any CPU.ActiveCfg = Release|Any CPU
		{BC8EE4E4-422E-4045-AA5F-F1E0C6DE5187}.Release|Any CPU.Build.0 = Release|Any CPU
		{BC8EE4E4-422E-4045-AA5F-F1E0C6DE5187}.Release|x64.ActiveCfg = Release|Any CPU
		{BC8EE4E4-422E-4045-AA5F-F1E0C6DE5187}.Release|x64.Build.0 = Release|Any CPU
		{BC8EE4E4-422E-4045-AA5F-F1E0C6DE5187}.Release|x86.ActiveCfg = Release|Any CPU
		{BC8EE4E4-422E-4045-AA5F-F1E0C6DE5187}.Release|x86.Build.0 = Release|Any CPU
		{96C7FEA9-F81A-4828-AD44-B096D4EBE6AB}.Debug|Any CPU.ActiveCfg = Debug|Any CPU
		{96C7FEA9-F81A-4828-AD44-B096D4EBE6AB}.Debug|Any CPU.Build.0 = Debug|Any CPU
		{96C7FEA9-F81A-4828-AD44-B096D4EBE6AB}.Debug|x64.ActiveCfg = Debug|Any CPU
		{96C7FEA9-F81A-4828-AD44-B096D4EBE6AB}.Debug|x64.Build.0 = Debug|Any CPU
		{96C7FEA9-F81A-4828-AD44-B096D4EBE6AB}.Debug|x86.ActiveCfg = Debug|Any CPU
		{96C7FEA9-F81A-4828-AD44-B096D4EBE6AB}.Debug|x86.Build.0 = Debug|Any CPU
		{96C7FEA9-F81A-4828-AD44-B096D4EBE6AB}.Release|Any CPU.ActiveCfg = Release|Any CPU
		{96C7FEA9-F81A-4828-AD44-B096D4EBE6AB}.Release|Any CPU.Build.0 = Release|Any CPU
		{96C7FEA9-F81A-4828-AD44-B096D4EBE6AB}.Release|x64.ActiveCfg = Release|Any CPU
		{96C7FEA9-F81A-4828-AD44-B096D4EBE6AB}.Release|x64.Build.0 = Release|Any CPU
		{96C7FEA9-F81A-4828-AD44-B096D4EBE6AB}.Release|x86.ActiveCfg = Release|Any CPU
		{96C7FEA9-F81A-4828-AD44-B096D4EBE6AB}.Release|x86.Build.0 = Release|Any CPU
		{B624AFA3-F5D0-4DF7-841E-5565943E3EBE}.Debug|Any CPU.ActiveCfg = Debug|Any CPU
		{B624AFA3-F5D0-4DF7-841E-5565943E3EBE}.Debug|Any CPU.Build.0 = Debug|Any CPU
		{B624AFA3-F5D0-4DF7-841E-5565943E3EBE}.Debug|x64.ActiveCfg = Debug|Any CPU
		{B624AFA3-F5D0-4DF7-841E-5565943E3EBE}.Debug|x64.Build.0 = Debug|Any CPU
		{B624AFA3-F5D0-4DF7-841E-5565943E3EBE}.Debug|x86.ActiveCfg = Debug|Any CPU
		{B624AFA3-F5D0-4DF7-841E-5565943E3EBE}.Debug|x86.Build.0 = Debug|Any CPU
		{B624AFA3-F5D0-4DF7-841E-5565943E3EBE}.Release|Any CPU.ActiveCfg = Release|Any CPU
		{B624AFA3-F5D0-4DF7-841E-5565943E3EBE}.Release|Any CPU.Build.0 = Release|Any CPU
		{B624AFA3-F5D0-4DF7-841E-5565943E3EBE}.Release|x64.ActiveCfg = Release|Any CPU
		{B624AFA3-F5D0-4DF7-841E-5565943E3EBE}.Release|x64.Build.0 = Release|Any CPU
		{B624AFA3-F5D0-4DF7-841E-5565943E3EBE}.Release|x86.ActiveCfg = Release|Any CPU
		{B624AFA3-F5D0-4DF7-841E-5565943E3EBE}.Release|x86.Build.0 = Release|Any CPU
	EndGlobalSection
	GlobalSection(SolutionProperties) = preSolution
		HideSolutionNode = FALSE
	EndGlobalSection
EndGlobal
